
Microsoft Visual Studio Solution File, Format Version 12.00
# Visual Studio 15
VisualStudioVersion = 15.0.27130.2036
MinimumVisualStudioVersion = 10.0.40219.1
Project("{2150E333-8FDC-42A3-9474-1A3956D46DE8}") = "Solution Items", "Solution Items", "{F316174B-045B-4DC0-9097-8CE746A8BBB0}"
	ProjectSection(SolutionItems) = preProject
		.editorconfig = .editorconfig
		.gitignore = .gitignore
		appveyor.yml = appveyor.yml
		build.cake = build.cake
		build.ps1 = build.ps1
		build.sh = build.sh
		global.json = global.json
		MinimumRecommendedRulesWithStyleCop.ruleset = MinimumRecommendedRulesWithStyleCop.ruleset
	EndProjectSection
EndProject
Project("{2150E333-8FDC-42A3-9474-1A3956D46DE8}") = "Source", "Source", "{4CE320D7-3C4E-4E1F-8E51-411684C7CE2A}"
	ProjectSection(SolutionItems) = preProject
		Source\Boxed.Templates.nuspec = Source\Boxed.Templates.nuspec
	EndProjectSection
EndProject
Project("{2150E333-8FDC-42A3-9474-1A3956D46DE8}") = "Tests", "Tests", "{E1186AA9-A80D-40EF-96C2-02F8DAD936FB}"
EndProject
Project("{2150E333-8FDC-42A3-9474-1A3956D46DE8}") = "Content", "Content", "{1C1CA8D2-D624-4A6B-9E82-4FE37A3E3B2C}"
EndProject
Project("{2150E333-8FDC-42A3-9474-1A3956D46DE8}") = "Documents", "Documents", "{90C10D88-B3C3-4802-A02B-88A07E5A8087}"
	ProjectSection(SolutionItems) = preProject
		Docs\API.md = Docs\API.md
		CONTRIBUTING.md = CONTRIBUTING.md
		Docs\GraphQL.md = Docs\GraphQL.md
		ISSUE_TEMPLATE.md = ISSUE_TEMPLATE.md
		LICENSE = LICENSE
		README.md = README.md
	EndProjectSection
EndProject
Project("{9A19103F-16F7-4668-BE54-9A1E7A4F7556}") = "ApiTemplate", "Source\Content\ApiTemplate\ApiTemplate.csproj", "{8BFA391E-E1E5-43D6-B4F7-929843AEC329}"
EndProject
Project("{9A19103F-16F7-4668-BE54-9A1E7A4F7556}") = "GraphQLTemplate", "Source\Content\GraphQLTemplate\GraphQLTemplate.csproj", "{70611FD8-D523-4E20-9703-3D841AF3D4F4}"
EndProject
Project("{9A19103F-16F7-4668-BE54-9A1E7A4F7556}") = "Boxed.Templates.FunctionalTest", "Tests\Boxed.Templates.FunctionalTest\Boxed.Templates.FunctionalTest.csproj", "{FB8AD86C-611F-44FB-BC0F-BF1CF8F490C8}"
EndProject
Project("{2150E333-8FDC-42A3-9474-1A3956D46DE8}") = "OrleansTemplate", "OrleansTemplate", "{DB0BA899-B348-4DFA-90F4-C76DF0E1A8E8}"
	ProjectSection(SolutionItems) = preProject
		Source\Content\OrleansTemplate\OrleansTemplate.sln = Source\Content\OrleansTemplate\OrleansTemplate.sln
	EndProjectSection
EndProject
Project("{9A19103F-16F7-4668-BE54-9A1E7A4F7556}") = "OrleansTemplate.Grains", "Source\Content\OrleansTemplate\OrleansTemplate.Grains\OrleansTemplate.Grains.csproj", "{B9046127-B774-49FD-866D-C153570C5EF1}"
EndProject
Project("{9A19103F-16F7-4668-BE54-9A1E7A4F7556}") = "OrleansTemplate.Client", "Source\Content\OrleansTemplate\OrleansTemplate.Client\OrleansTemplate.Client.csproj", "{1C61E766-0ECB-4960-9CEB-14F58E15ECC9}"
EndProject
Project("{9A19103F-16F7-4668-BE54-9A1E7A4F7556}") = "OrleansTemplate.Server", "Source\Content\OrleansTemplate\OrleansTemplate.Server\OrleansTemplate.Server.csproj", "{C562EC09-A883-4852-A4ED-B88D3BAC8B9A}"
EndProject
Project("{9A19103F-16F7-4668-BE54-9A1E7A4F7556}") = "OrleansTemplate.Server.IntegrationTest", "Source\Content\OrleansTemplate\OrleansTemplate.Server.IntegrationTest\OrleansTemplate.Server.IntegrationTest.csproj", "{8E809803-59E0-4E3C-9B1F-316B786CDBF8}"
EndProject
Project("{9A19103F-16F7-4668-BE54-9A1E7A4F7556}") = "OrleansTemplate.Abstractions", "Source\Content\OrleansTemplate\OrleansTemplate.Abstractions\OrleansTemplate.Abstractions.csproj", "{25F9338D-704B-4729-BDE5-3F27CBDB56D4}"
EndProject
Project("{2150E333-8FDC-42A3-9474-1A3956D46DE8}") = ".template.config", ".template.config", "{91182EA8-20D9-444A-B365-166FCE27C2B5}"
	ProjectSection(SolutionItems) = preProject
		Source\Content\OrleansTemplate\.template.config\dotnetcli.host.json = Source\Content\OrleansTemplate\.template.config\dotnetcli.host.json
		Source\Content\OrleansTemplate\.template.config\icon.png = Source\Content\OrleansTemplate\.template.config\icon.png
		Source\Content\OrleansTemplate\.template.config\template.json = Source\Content\OrleansTemplate\.template.config\template.json
	EndProjectSection
EndProject
Global
	GlobalSection(SolutionConfigurationPlatforms) = preSolution
		Debug|Any CPU = Debug|Any CPU
		Release|Any CPU = Release|Any CPU
	EndGlobalSection
	GlobalSection(ProjectConfigurationPlatforms) = postSolution
		{8BFA391E-E1E5-43D6-B4F7-929843AEC329}.Debug|Any CPU.ActiveCfg = Debug|Any CPU
		{8BFA391E-E1E5-43D6-B4F7-929843AEC329}.Debug|Any CPU.Build.0 = Debug|Any CPU
		{8BFA391E-E1E5-43D6-B4F7-929843AEC329}.Release|Any CPU.ActiveCfg = Release|Any CPU
		{8BFA391E-E1E5-43D6-B4F7-929843AEC329}.Release|Any CPU.Build.0 = Release|Any CPU
		{70611FD8-D523-4E20-9703-3D841AF3D4F4}.Debug|Any CPU.ActiveCfg = Debug|Any CPU
		{70611FD8-D523-4E20-9703-3D841AF3D4F4}.Debug|Any CPU.Build.0 = Debug|Any CPU
		{70611FD8-D523-4E20-9703-3D841AF3D4F4}.Release|Any CPU.ActiveCfg = Release|Any CPU
		{70611FD8-D523-4E20-9703-3D841AF3D4F4}.Release|Any CPU.Build.0 = Release|Any CPU
		{FB8AD86C-611F-44FB-BC0F-BF1CF8F490C8}.Debug|Any CPU.ActiveCfg = Debug|Any CPU
		{FB8AD86C-611F-44FB-BC0F-BF1CF8F490C8}.Debug|Any CPU.Build.0 = Debug|Any CPU
		{FB8AD86C-611F-44FB-BC0F-BF1CF8F490C8}.Release|Any CPU.ActiveCfg = Release|Any CPU
		{FB8AD86C-611F-44FB-BC0F-BF1CF8F490C8}.Release|Any CPU.Build.0 = Release|Any CPU
		{B9046127-B774-49FD-866D-C153570C5EF1}.Debug|Any CPU.ActiveCfg = Debug|Any CPU
		{B9046127-B774-49FD-866D-C153570C5EF1}.Debug|Any CPU.Build.0 = Debug|Any CPU
		{B9046127-B774-49FD-866D-C153570C5EF1}.Release|Any CPU.ActiveCfg = Release|Any CPU
		{B9046127-B774-49FD-866D-C153570C5EF1}.Release|Any CPU.Build.0 = Release|Any CPU
		{1C61E766-0ECB-4960-9CEB-14F58E15ECC9}.Debug|Any CPU.ActiveCfg = Debug|Any CPU
		{1C61E766-0ECB-4960-9CEB-14F58E15ECC9}.Debug|Any CPU.Build.0 = Debug|Any CPU
		{1C61E766-0ECB-4960-9CEB-14F58E15ECC9}.Release|Any CPU.ActiveCfg = Release|Any CPU
		{1C61E766-0ECB-4960-9CEB-14F58E15ECC9}.Release|Any CPU.Build.0 = Release|Any CPU
		{C562EC09-A883-4852-A4ED-B88D3BAC8B9A}.Debug|Any CPU.ActiveCfg = Debug|Any CPU
		{C562EC09-A883-4852-A4ED-B88D3BAC8B9A}.Debug|Any CPU.Build.0 = Debug|Any CPU
		{C562EC09-A883-4852-A4ED-B88D3BAC8B9A}.Release|Any CPU.ActiveCfg = Release|Any CPU
		{C562EC09-A883-4852-A4ED-B88D3BAC8B9A}.Release|Any CPU.Build.0 = Release|Any CPU
		{8E809803-59E0-4E3C-9B1F-316B786CDBF8}.Debug|Any CPU.ActiveCfg = Debug|Any CPU
		{8E809803-59E0-4E3C-9B1F-316B786CDBF8}.Debug|Any CPU.Build.0 = Debug|Any CPU
		{8E809803-59E0-4E3C-9B1F-316B786CDBF8}.Release|Any CPU.ActiveCfg = Release|Any CPU
		{8E809803-59E0-4E3C-9B1F-316B786CDBF8}.Release|Any CPU.Build.0 = Release|Any CPU
		{25F9338D-704B-4729-BDE5-3F27CBDB56D4}.Debug|Any CPU.ActiveCfg = Debug|Any CPU
		{25F9338D-704B-4729-BDE5-3F27CBDB56D4}.Debug|Any CPU.Build.0 = Debug|Any CPU
		{25F9338D-704B-4729-BDE5-3F27CBDB56D4}.Release|Any CPU.ActiveCfg = Release|Any CPU
		{25F9338D-704B-4729-BDE5-3F27CBDB56D4}.Release|Any CPU.Build.0 = Release|Any CPU
	EndGlobalSection
	GlobalSection(SolutionProperties) = preSolution
		HideSolutionNode = FALSE
	EndGlobalSection
	GlobalSection(NestedProjects) = preSolution
		{1C1CA8D2-D624-4A6B-9E82-4FE37A3E3B2C} = {4CE320D7-3C4E-4E1F-8E51-411684C7CE2A}
		{8BFA391E-E1E5-43D6-B4F7-929843AEC329} = {1C1CA8D2-D624-4A6B-9E82-4FE37A3E3B2C}
		{70611FD8-D523-4E20-9703-3D841AF3D4F4} = {1C1CA8D2-D624-4A6B-9E82-4FE37A3E3B2C}
		{FB8AD86C-611F-44FB-BC0F-BF1CF8F490C8} = {E1186AA9-A80D-40EF-96C2-02F8DAD936FB}
		{DB0BA899-B348-4DFA-90F4-C76DF0E1A8E8} = {1C1CA8D2-D624-4A6B-9E82-4FE37A3E3B2C}
		{B9046127-B774-49FD-866D-C153570C5EF1} = {DB0BA899-B348-4DFA-90F4-C76DF0E1A8E8}
		{1C61E766-0ECB-4960-9CEB-14F58E15ECC9} = {DB0BA899-B348-4DFA-90F4-C76DF0E1A8E8}
		{C562EC09-A883-4852-A4ED-B88D3BAC8B9A} = {DB0BA899-B348-4DFA-90F4-C76DF0E1A8E8}
		{8E809803-59E0-4E3C-9B1F-316B786CDBF8} = {DB0BA899-B348-4DFA-90F4-C76DF0E1A8E8}
		{25F9338D-704B-4729-BDE5-3F27CBDB56D4} = {DB0BA899-B348-4DFA-90F4-C76DF0E1A8E8}
		{91182EA8-20D9-444A-B365-166FCE27C2B5} = {DB0BA899-B348-4DFA-90F4-C76DF0E1A8E8}
	EndGlobalSection
	GlobalSection(ExtensibilityGlobals) = postSolution
		SolutionGuid = {15CA0C66-F0B6-4175-80D9-4E4452CF9D19}
	EndGlobalSection
EndGlobal
