Microsoft Visual Studio Solution File, Format Version 12.00
# Visual Studio Version 17
VisualStudioVersion = 17.0.31423.177
MinimumVisualStudioVersion = 10.0.40219.1
Project("{2150E333-8FDC-42A3-9474-1A3956D46DE8}") = "Source", "Source", "{719809C2-A551-4C4A-9EFD-B10FB5E35BC0}"
	ProjectSection(SolutionItems) = preProject
		Source\Directory.Build.props = Source\Directory.Build.props
	EndProjectSection
EndProject
Project("{2150E333-8FDC-42A3-9474-1A3956D46DE8}") = "Solution Items", "Solution Items", "{F20E2797-D1E3-4321-91BB-FAE54954D2A0}"
	ProjectSection(SolutionItems) = preProject
		.editorconfig = .editorconfig
		.gitattributes = .gitattributes
		.gitignore = .gitignore
		#if (AppVeyor)
		appveyor.yml = appveyor.yml
		#endif
		#if (AzurePipelines)
		azure-pipelines.yml = azure-pipelines.yml
		#endif
		build.cake = build.cake
		Directory.Build.props = Directory.Build.props
		Directory.Build.targets = Directory.Build.targets
		dotnet-tools.json = dotnet-tools.json
		global.json = global.json
		Key.snk = Key.snk
	EndProjectSection
EndProject
Project("{2150E333-8FDC-42A3-9474-1A3956D46DE8}") = "Documentation", "Documentation", "{7EDFA103-DB69-4C88-9DE4-97ADBF8253A1}"
	ProjectSection(SolutionItems) = preProject
		LICENSE.md = LICENSE.md
		README.md = README.md
	EndProjectSection
EndProject
#if (Tests)
Project("{2150E333-8FDC-42A3-9474-1A3956D46DE8}") = "Tests", "Tests", "{E1B24F25-B8A4-46EE-B7EB-7803DCFC543F}"
	ProjectSection(SolutionItems) = preProject
		Tests\.editorconfig = Tests\.editorconfig
		Tests\Directory.Build.props = Tests\Directory.Build.props
	EndProjectSection
EndProject
#endif
Project("{2150E333-8FDC-42A3-9474-1A3956D46DE8}") = "Images", "Images", "{26F71F5B-2940-4FB0-9681-A76060CBCEF9}"
	ProjectSection(SolutionItems) = preProject
		Images\Banner.png = Images\Banner.png
		Images\Hero.png = Images\Hero.png
		Images\Icon.png = Images\Icon.png
	EndProjectSection
EndProject
Project("{2150E333-8FDC-42A3-9474-1A3956D46DE8}") = "ISSUE_TEMPLATE", "ISSUE_TEMPLATE", "{566DF0E2-1288-4083-9B55-4C8B69BB1432}"
	ProjectSection(SolutionItems) = preProject
		.github\ISSUE_TEMPLATE\BUG_REPORT.yml = .github\ISSUE_TEMPLATE\BUG_REPORT.yml
		.github\ISSUE_TEMPLATE\FEATURE_REQUEST.yml = .github\ISSUE_TEMPLATE\FEATURE_REQUEST.yml
	EndProjectSection
EndProject
Project("{2150E333-8FDC-42A3-9474-1A3956D46DE8}") = ".github", ".github", "{0555C737-CE4B-4C78-87AB-6296E1E32D01}"
	ProjectSection(SolutionItems) = preProject
		.github\CODE_OF_CONDUCT.md = .github\CODE_OF_CONDUCT.md
		.github\CONTRIBUTING.md = .github\CONTRIBUTING.md
		.github\PULL_REQUEST_TEMPLATE.md = .github\PULL_REQUEST_TEMPLATE.md
		.github\SECURITY.md = .github\SECURITY.md
	EndProjectSection
EndProject
Project("{9A19103F-16F7-4668-BE54-9A1E7A4F7556}") = "NuGetTemplate", "Source\NuGetTemplate\NuGetTemplate.csproj", "{D49F5A02-D549-4EF4-8776-89C35A71EB2D}"
EndProject
#if (Tests)
Project("{9A19103F-16F7-4668-BE54-9A1E7A4F7556}") = "NuGetTemplate.Test", "Tests\NuGetTemplate.Test\NuGetTemplate.Test.csproj", "{528E66EB-2232-4534-A20D-9BC8A240BF2F}"
EndProject
#endif
Project("{2150E333-8FDC-42A3-9474-1A3956D46DE8}") = ".github", ".github", "{EFE1E5ED-D337-4874-82EC-D9FA0BC7D3AB}"
	ProjectSection(SolutionItems) = preProject
		.github\dependabot.yml = .github\dependabot.yml
		.github\release-drafter.yml = .github\release-drafter.yml
	EndProjectSection
EndProject
Project("{2150E333-8FDC-42A3-9474-1A3956D46DE8}") = "workflows", "workflows", "{841C67EF-BBB2-4730-8E29-22FF3FD54306}"
	ProjectSection(SolutionItems) = preProject
		.github\workflows\build.yml = .github\workflows\build.yml
		.github\workflows\codeql-analysis.yml = .github\workflows\codeql-analysis.yml
		.github\workflows\release-drafter.yml = .github\workflows\release-drafter.yml
	EndProjectSection
EndProject
Global
	GlobalSection(SolutionConfigurationPlatforms) = preSolution
		Debug|Any CPU = Debug|Any CPU
		Release|Any CPU = Release|Any CPU
	EndGlobalSection
	GlobalSection(ProjectConfigurationPlatforms) = postSolution
		{D49F5A02-D549-4EF4-8776-89C35A71EB2D}.Debug|Any CPU.ActiveCfg = Debug|Any CPU
		{D49F5A02-D549-4EF4-8776-89C35A71EB2D}.Debug|Any CPU.Build.0 = Debug|Any CPU
		{D49F5A02-D549-4EF4-8776-89C35A71EB2D}.Release|Any CPU.ActiveCfg = Release|Any CPU
		{D49F5A02-D549-4EF4-8776-89C35A71EB2D}.Release|Any CPU.Build.0 = Release|Any CPU
		#if (Tests)
		{528E66EB-2232-4534-A20D-9BC8A240BF2F}.Debug|Any CPU.ActiveCfg = Debug|Any CPU
		{528E66EB-2232-4534-A20D-9BC8A240BF2F}.Debug|Any CPU.Build.0 = Debug|Any CPU
		{528E66EB-2232-4534-A20D-9BC8A240BF2F}.Release|Any CPU.ActiveCfg = Release|Any CPU
		{528E66EB-2232-4534-A20D-9BC8A240BF2F}.Release|Any CPU.Build.0 = Release|Any CPU
		#endif
	EndGlobalSection
	GlobalSection(SolutionProperties) = preSolution
		HideSolutionNode = FALSE
	EndGlobalSection
	GlobalSection(NestedProjects) = preSolution
		{566DF0E2-1288-4083-9B55-4C8B69BB1432} = {0555C737-CE4B-4C78-87AB-6296E1E32D01}
		{0555C737-CE4B-4C78-87AB-6296E1E32D01} = {7EDFA103-DB69-4C88-9DE4-97ADBF8253A1}
		{D49F5A02-D549-4EF4-8776-89C35A71EB2D} = {719809C2-A551-4C4A-9EFD-B10FB5E35BC0}
		#if (Tests)
		{528E66EB-2232-4534-A20D-9BC8A240BF2F} = {E1B24F25-B8A4-46EE-B7EB-7803DCFC543F}
		#endif
		{EFE1E5ED-D337-4874-82EC-D9FA0BC7D3AB} = {F20E2797-D1E3-4321-91BB-FAE54954D2A0}
		{841C67EF-BBB2-4730-8E29-22FF3FD54306} = {EFE1E5ED-D337-4874-82EC-D9FA0BC7D3AB}
	EndGlobalSection
	GlobalSection(ExtensibilityGlobals) = postSolution
		SolutionGuid = {73F36209-F8D6-4066-8951-D97729F773CF}
	EndGlobalSection
EndGlobal
