
Microsoft Visual Studio Solution File, Format Version 12.00
# Visual Studio Version 17
VisualStudioVersion = 17.0.31423.177
MinimumVisualStudioVersion = 10.0.40219.1
Project("{2150E333-8FDC-42A3-9474-1A3956D46DE8}") = "Source", "Source", "{57BAE1BC-D418-4A95-B292-C0E9324B0A54}"
EndProject
#if (IntegrationTest)
Project("{2150E333-8FDC-42A3-9474-1A3956D46DE8}") = "Tests", "Tests", "{D57B72FA-A893-400C-AB2E-6919219A38D2}"
	ProjectSection(SolutionItems) = preProject
		Tests\.editorconfig = Tests\.editorconfig
	EndProjectSection
EndProject
#endif
Project("{9A19103F-16F7-4668-BE54-9A1E7A4F7556}") = "OrleansTemplate.Abstractions", "Source\OrleansTemplate.Abstractions\OrleansTemplate.Abstractions.csproj", "{B6993204-7350-4D3E-8C48-6C3914230E9F}"
EndProject
Project("{9A19103F-16F7-4668-BE54-9A1E7A4F7556}") = "OrleansTemplate.Grains", "Source\OrleansTemplate.Grains\OrleansTemplate.Grains.csproj", "{583E0D0E-322C-4C13-81C6-5E3FB785A8AF}"
EndProject
Project("{9A19103F-16F7-4668-BE54-9A1E7A4F7556}") = "OrleansTemplate.Server", "Source\OrleansTemplate.Server\OrleansTemplate.Server.csproj", "{F522EB3C-EF6B-4517-B8D7-F1363E7ADC6E}"
EndProject
Project("{9A19103F-16F7-4668-BE54-9A1E7A4F7556}") = "OrleansTemplate.Client", "Source\OrleansTemplate.Client\OrleansTemplate.Client.csproj", "{2A41B472-8BCE-42D5-A64B-C1ED9C9BA60C}"
EndProject
#if (IntegrationTest)
Project("{9A19103F-16F7-4668-BE54-9A1E7A4F7556}") = "OrleansTemplate.Server.IntegrationTest", "Tests\OrleansTemplate.Server.IntegrationTest\OrleansTemplate.Server.IntegrationTest.csproj", "{B186DB6A-88E5-40AB-B3E1-1468C925C9B7}"
EndProject
#endif
Project("{2150E333-8FDC-42A3-9474-1A3956D46DE8}") = "Solution Items", "Solution Items", "{FBD2504D-975E-4B64-B938-7DDD19C7DB9D}"
	ProjectSection(SolutionItems) = preProject
		.dockerignore = .dockerignore
		.editorconfig = .editorconfig
		.gitattributes = .gitattributes
		.gitignore = .gitignore
		build.cake = build.cake
		Directory.Build.props = Directory.Build.props
		dotnet-tools.json = dotnet-tools.json
		global.json = global.json
	EndProjectSection
EndProject
Project("{2150E333-8FDC-42A3-9474-1A3956D46DE8}") = "Documentation", "Documentation", "{60E0F62E-605A-48F2-BFCA-C63B45AB6335}"
	ProjectSection(SolutionItems) = preProject
		README.md = README.md
	EndProjectSection
EndProject
Project("{2150E333-8FDC-42A3-9474-1A3956D46DE8}") = ".github", ".github", "{76BD1373-F876-4779-A7C8-6FAAF1088B16}"
	ProjectSection(SolutionItems) = preProject
		.github\dependabot.yml = .github\dependabot.yml
		.github\release-drafter.yml = .github\release-drafter.yml
	EndProjectSection
EndProject
Project("{2150E333-8FDC-42A3-9474-1A3956D46DE8}") = "workflows", "workflows", "{050450CA-B8A7-4B91-BB2A-9B59FAE1A52B}"
	ProjectSection(SolutionItems) = preProject
		.github\workflows\build.yml = .github\workflows\build.yml
		.github\workflows\codeql-analysis.yml = .github\workflows\codeql-analysis.yml
		.github\workflows\release-drafter.yml = .github\workflows\release-drafter.yml
	EndProjectSection
EndProject
Project("{2150E333-8FDC-42A3-9474-1A3956D46DE8}") = ".github", ".github", "{90F1A60D-6607-44BF-AB4C-F53B1E31194F}"
	ProjectSection(SolutionItems) = preProject
		.github\CODE_OF_CONDUCT.md = .github\CODE_OF_CONDUCT.md
		.github\CONTRIBUTING.md = .github\CONTRIBUTING.md
		.github\PULL_REQUEST_TEMPLATE.md = .github\PULL_REQUEST_TEMPLATE.md
		.github\SECURITY.md = .github\SECURITY.md
	EndProjectSection
EndProject
Project("{2150E333-8FDC-42A3-9474-1A3956D46DE8}") = "ISSUE_TEMPLATE", "ISSUE_TEMPLATE", "{90110DBA-335A-4A7A-AD43-48CB1A15346D}"
	ProjectSection(SolutionItems) = preProject
		.github\ISSUE_TEMPLATE\BUG_REPORT.yml = .github\ISSUE_TEMPLATE\BUG_REPORT.yml
		.github\ISSUE_TEMPLATE\FEATURE_REQUEST.yml = .github\ISSUE_TEMPLATE\FEATURE_REQUEST.yml
	EndProjectSection
EndProject
Global
	GlobalSection(SolutionConfigurationPlatforms) = preSolution
		Debug|Any CPU = Debug|Any CPU
		Release|Any CPU = Release|Any CPU
	EndGlobalSection
	GlobalSection(ProjectConfigurationPlatforms) = postSolution
		{B6993204-7350-4D3E-8C48-6C3914230E9F}.Debug|Any CPU.ActiveCfg = Debug|Any CPU
		{B6993204-7350-4D3E-8C48-6C3914230E9F}.Debug|Any CPU.Build.0 = Debug|Any CPU
		{B6993204-7350-4D3E-8C48-6C3914230E9F}.Release|Any CPU.ActiveCfg = Release|Any CPU
		{B6993204-7350-4D3E-8C48-6C3914230E9F}.Release|Any CPU.Build.0 = Release|Any CPU
		{583E0D0E-322C-4C13-81C6-5E3FB785A8AF}.Debug|Any CPU.ActiveCfg = Debug|Any CPU
		{583E0D0E-322C-4C13-81C6-5E3FB785A8AF}.Debug|Any CPU.Build.0 = Debug|Any CPU
		{583E0D0E-322C-4C13-81C6-5E3FB785A8AF}.Release|Any CPU.ActiveCfg = Release|Any CPU
		{583E0D0E-322C-4C13-81C6-5E3FB785A8AF}.Release|Any CPU.Build.0 = Release|Any CPU
		{F522EB3C-EF6B-4517-B8D7-F1363E7ADC6E}.Debug|Any CPU.ActiveCfg = Debug|Any CPU
		{F522EB3C-EF6B-4517-B8D7-F1363E7ADC6E}.Debug|Any CPU.Build.0 = Debug|Any CPU
		{F522EB3C-EF6B-4517-B8D7-F1363E7ADC6E}.Release|Any CPU.ActiveCfg = Release|Any CPU
		{F522EB3C-EF6B-4517-B8D7-F1363E7ADC6E}.Release|Any CPU.Build.0 = Release|Any CPU
		{2A41B472-8BCE-42D5-A64B-C1ED9C9BA60C}.Debug|Any CPU.ActiveCfg = Debug|Any CPU
		{2A41B472-8BCE-42D5-A64B-C1ED9C9BA60C}.Debug|Any CPU.Build.0 = Debug|Any CPU
		{2A41B472-8BCE-42D5-A64B-C1ED9C9BA60C}.Release|Any CPU.ActiveCfg = Release|Any CPU
		{2A41B472-8BCE-42D5-A64B-C1ED9C9BA60C}.Release|Any CPU.Build.0 = Release|Any CPU
		#if (IntegrationTest)
		{B186DB6A-88E5-40AB-B3E1-1468C925C9B7}.Debug|Any CPU.ActiveCfg = Debug|Any CPU
		{B186DB6A-88E5-40AB-B3E1-1468C925C9B7}.Debug|Any CPU.Build.0 = Debug|Any CPU
		{B186DB6A-88E5-40AB-B3E1-1468C925C9B7}.Release|Any CPU.ActiveCfg = Release|Any CPU
		{B186DB6A-88E5-40AB-B3E1-1468C925C9B7}.Release|Any CPU.Build.0 = Release|Any CPU
		#endif
	EndGlobalSection
	GlobalSection(SolutionProperties) = preSolution
		HideSolutionNode = FALSE
	EndGlobalSection
	GlobalSection(NestedProjects) = preSolution
		{B6993204-7350-4D3E-8C48-6C3914230E9F} = {57BAE1BC-D418-4A95-B292-C0E9324B0A54}
		{583E0D0E-322C-4C13-81C6-5E3FB785A8AF} = {57BAE1BC-D418-4A95-B292-C0E9324B0A54}
		{F522EB3C-EF6B-4517-B8D7-F1363E7ADC6E} = {57BAE1BC-D418-4A95-B292-C0E9324B0A54}
		{2A41B472-8BCE-42D5-A64B-C1ED9C9BA60C} = {57BAE1BC-D418-4A95-B292-C0E9324B0A54}
		#if (IntegrationTest)
		{B186DB6A-88E5-40AB-B3E1-1468C925C9B7} = {D57B72FA-A893-400C-AB2E-6919219A38D2}
		#endif
		{76BD1373-F876-4779-A7C8-6FAAF1088B16} = {FBD2504D-975E-4B64-B938-7DDD19C7DB9D}
		{050450CA-B8A7-4B91-BB2A-9B59FAE1A52B} = {76BD1373-F876-4779-A7C8-6FAAF1088B16}
		{90F1A60D-6607-44BF-AB4C-F53B1E31194F} = {60E0F62E-605A-48F2-BFCA-C63B45AB6335}
		{90110DBA-335A-4A7A-AD43-48CB1A15346D} = {90F1A60D-6607-44BF-AB4C-F53B1E31194F}
	EndGlobalSection
	GlobalSection(ExtensibilityGlobals) = postSolution
		SolutionGuid = {4E464B40-8B3D-427D-BA61-053DB0B94967}
	EndGlobalSection
EndGlobal
