
Microsoft Visual Studio Solution File, Format Version 12.00
# Visual Studio Version 17
VisualStudioVersion = 17.0.31423.177
MinimumVisualStudioVersion = 10.0.40219.1
Project("{2150E333-8FDC-42A3-9474-1A3956D46DE8}") = "Source", "Source", "{57BAE1BC-D418-4A95-B292-C0E9324B0A54}"
EndProject
#if (IntegrationTest)
Project("{2150E333-8FDC-42A3-9474-1A3956D46DE8}") = "Tests", "Tests", "{D57B72FA-A893-400C-AB2E-6919219A38D2}"
	ProjectSection(SolutionItems) = preProject
		Tests\.editorconfig = Tests\.editorconfig
	EndProjectSection
EndProject
#endif
Project("{2150E333-8FDC-42A3-9474-1A3956D46DE8}") = "Solution Items", "Solution Items", "{FBD2504D-975E-4B64-B938-7DDD19C7DB9D}"
	ProjectSection(SolutionItems) = preProject
		.dockerignore = .dockerignore
		.editorconfig = .editorconfig
		.gitattributes = .gitattributes
		.gitignore = .gitignore
		build.cake = build.cake
		Directory.Build.props = Directory.Build.props
		dotnet-tools.json = dotnet-tools.json
		global.json = global.json
	EndProjectSection
EndProject
Project("{2150E333-8FDC-42A3-9474-1A3956D46DE8}") = "Documentation", "Documentation", "{60E0F62E-605A-48F2-BFCA-C63B45AB6335}"
	ProjectSection(SolutionItems) = preProject
		README.md = README.md
	EndProjectSection
EndProject
Project("{9A19103F-16F7-4668-BE54-9A1E7A4F7556}") = "ApiTemplate", "Source\ApiTemplate\ApiTemplate.csproj", "{37F1F839-E685-4E26-B50E-40E3C4896737}"
EndProject
#if (IntegrationTest)
Project("{9A19103F-16F7-4668-BE54-9A1E7A4F7556}") = "ApiTemplate.IntegrationTest", "Tests\ApiTemplate.IntegrationTest\ApiTemplate.IntegrationTest.csproj", "{57839160-3C89-4A5A-BC23-A78F39551C1E}"
EndProject
#endif
Project("{2150E333-8FDC-42A3-9474-1A3956D46DE8}") = ".github", ".github", "{B4493FEA-D330-453B-ACDA-8CAE2F6451CC}"
	ProjectSection(SolutionItems) = preProject
		.github\dependabot.yml = .github\dependabot.yml
		.github\release-drafter.yml = .github\release-drafter.yml
	EndProjectSection
EndProject
Project("{2150E333-8FDC-42A3-9474-1A3956D46DE8}") = "workflows", "workflows", "{1CBCA0EF-D16C-4BE6-9577-A0FC67E8B5F1}"
	ProjectSection(SolutionItems) = preProject
		.github\workflows\build.yml = .github\workflows\build.yml
		.github\workflows\codeql-analysis.yml = .github\workflows\codeql-analysis.yml
		.github\workflows\release-drafter.yml = .github\workflows\release-drafter.yml
	EndProjectSection
EndProject
Project("{2150E333-8FDC-42A3-9474-1A3956D46DE8}") = ".github", ".github", "{E5422D5C-ABD4-4150-BDF6-B823D746D157}"
	ProjectSection(SolutionItems) = preProject
		.github\CODE_OF_CONDUCT.md = .github\CODE_OF_CONDUCT.md
		.github\CONTRIBUTING.md = .github\CONTRIBUTING.md
		.github\PULL_REQUEST_TEMPLATE.md = .github\PULL_REQUEST_TEMPLATE.md
		.github\SECURITY.md = .github\SECURITY.md
	EndProjectSection
EndProject
Project("{2150E333-8FDC-42A3-9474-1A3956D46DE8}") = "ISSUE_TEMPLATE", "ISSUE_TEMPLATE", "{5C84BC3D-BEFC-4CC2-85B8-C3C4E286368A}"
	ProjectSection(SolutionItems) = preProject
		.github\ISSUE_TEMPLATE\BUG_REPORT.yml = .github\ISSUE_TEMPLATE\BUG_REPORT.yml
		.github\ISSUE_TEMPLATE\FEATURE_REQUEST.yml = .github\ISSUE_TEMPLATE\FEATURE_REQUEST.yml
	EndProjectSection
EndProject
Global
	GlobalSection(SolutionConfigurationPlatforms) = preSolution
		Debug|Any CPU = Debug|Any CPU
		Release|Any CPU = Release|Any CPU
	EndGlobalSection
	GlobalSection(ProjectConfigurationPlatforms) = postSolution
		{37F1F839-E685-4E26-B50E-40E3C4896737}.Debug|Any CPU.ActiveCfg = Debug|Any CPU
		{37F1F839-E685-4E26-B50E-40E3C4896737}.Debug|Any CPU.Build.0 = Debug|Any CPU
		{37F1F839-E685-4E26-B50E-40E3C4896737}.Release|Any CPU.ActiveCfg = Release|Any CPU
		{37F1F839-E685-4E26-B50E-40E3C4896737}.Release|Any CPU.Build.0 = Release|Any CPU
		#if (IntegrationTest)
		{57839160-3C89-4A5A-BC23-A78F39551C1E}.Debug|Any CPU.ActiveCfg = Debug|Any CPU
		{57839160-3C89-4A5A-BC23-A78F39551C1E}.Debug|Any CPU.Build.0 = Debug|Any CPU
		{57839160-3C89-4A5A-BC23-A78F39551C1E}.Release|Any CPU.ActiveCfg = Release|Any CPU
		{57839160-3C89-4A5A-BC23-A78F39551C1E}.Release|Any CPU.Build.0 = Release|Any CPU
		#endif
	EndGlobalSection
	GlobalSection(SolutionProperties) = preSolution
		HideSolutionNode = FALSE
	EndGlobalSection
	GlobalSection(NestedProjects) = preSolution
		{37F1F839-E685-4E26-B50E-40E3C4896737} = {57BAE1BC-D418-4A95-B292-C0E9324B0A54}
		#if (IntegrationTest)
		{57839160-3C89-4A5A-BC23-A78F39551C1E} = {D57B72FA-A893-400C-AB2E-6919219A38D2}
		#endif
		{B4493FEA-D330-453B-ACDA-8CAE2F6451CC} = {FBD2504D-975E-4B64-B938-7DDD19C7DB9D}
		{1CBCA0EF-D16C-4BE6-9577-A0FC67E8B5F1} = {B4493FEA-D330-453B-ACDA-8CAE2F6451CC}
		{E5422D5C-ABD4-4150-BDF6-B823D746D157} = {60E0F62E-605A-48F2-BFCA-C63B45AB6335}
		{5C84BC3D-BEFC-4CC2-85B8-C3C4E286368A} = {E5422D5C-ABD4-4150-BDF6-B823D746D157}
	EndGlobalSection
	GlobalSection(ExtensibilityGlobals) = postSolution
		SolutionGuid = {4E464B40-8B3D-427D-BA61-053DB0B94967}
	EndGlobalSection
EndGlobal
