
Microsoft Visual Studio Solution File, Format Version 12.00
# Visual Studio 14
VisualStudioVersion = 14.0.23107.0
MinimumVisualStudioVersion = 10.0.40219.1
Project("{2150E333-8FDC-42A3-9474-1A3956D46DE8}") = "MVC5", "MVC5", "{C21DC15C-CF5E-4D6E-9585-4C7C446AD18F}"
	ProjectSection(SolutionItems) = preProject
		MVC5\Boilerplate.Web.Mvc5.nupkg = MVC5\Boilerplate.Web.Mvc5.nupkg
	EndProjectSection
EndProject
Project("{2150E333-8FDC-42A3-9474-1A3956D46DE8}") = "MVC6", "MVC6", "{E97C7A33-28AC-4AD6-8DC7-46886058969F}"
EndProject
Project("{FAE04EC0-301F-11D3-BF4B-00C04F79EFBC}") = "Boilerplate.Web.Mvc5.Sample", "MVC5\Boilerplate.Web.Mvc5.Sample\Boilerplate.Web.Mvc5.Sample.csproj", "{E107BBBD-CAB3-4B09-9A48-8437775786A8}"
EndProject
Project("{FAE04EC0-301F-11D3-BF4B-00C04F79EFBC}") = "Boilerplate.Vsix", "Boilerplate.Vsix\Boilerplate.Vsix.csproj", "{E6EEA438-E2EE-481A-BB85-3793C74483C5}"
EndProject
Project("{FAE04EC0-301F-11D3-BF4B-00C04F79EFBC}") = "Boilerplate.Web.Mvc5", "MVC5\Boilerplate.Web.Mvc5\Boilerplate.Web.Mvc5.csproj", "{5FABCDB1-1B4B-4053-9B7E-0C41201C211A}"
EndProject
Project("{8BB2217D-0F2D-49D1-97BC-3654ED321F3B}") = "Boilerplate.Web.Mvc6.Sample", "MVC6\Boilerplate.Web.Mvc6.Sample\Boilerplate.Web.Mvc6.Sample.xproj", "{6E0EF33D-3C19-4EA2-8CA9-C7BF19BDD947}"
EndProject
Project("{8BB2217D-0F2D-49D1-97BC-3654ED321F3B}") = "Boilerplate.Web.Mvc6", "MVC6\Boilerplate.Web.Mvc6\Boilerplate.Web.Mvc6.xproj", "{FFF80C4B-A5F0-410C-8F16-CBBE21F14DD5}"
EndProject
Project("{2150E333-8FDC-42A3-9474-1A3956D46DE8}") = "Solution Items", "Solution Items", "{F316174B-045B-4DC0-9097-8CE746A8BBB0}"
	ProjectSection(SolutionItems) = preProject
		..\.gitignore = ..\.gitignore
		global.json = global.json
		..\HOW TO BUILD.md = ..\HOW TO BUILD.md
		..\README.md = ..\README.md
		..\TODO.md = ..\TODO.md
	EndProjectSection
EndProject
Project("{FAE04EC0-301F-11D3-BF4B-00C04F79EFBC}") = "Boilerplate.Wizard", "Boilerplate.Wizard\Boilerplate.Wizard.csproj", "{9CEA6CB2-DDCF-4AB3-8B22-0383B3F529EF}"
EndProject
Project("{FAE04EC0-301F-11D3-BF4B-00C04F79EFBC}") = "Boilerplate.Wizard.Test", "Boilerplate.Wizard.Test\Boilerplate.Wizard.Test.csproj", "{E0B062AF-E0B4-4F72-A284-22468F9C2A4A}"
EndProject
Project("{8BB2217D-0F2D-49D1-97BC-3654ED321F3B}") = "Boilerplate.Web.Mvc6Api.Sample", "MVC6\Boilerplate.Web.Mvc6Api.Sample\Boilerplate.Web.Mvc6Api.Sample.xproj", "{0F569D70-7766-40DF-9061-87438C8BB2FA}"
EndProject
Project("{8BB2217D-0F2D-49D1-97BC-3654ED321F3B}") = "Boilerplate.Web.Mvc6.TagHelpers", "MVC6\Boilerplate.Web.Mvc6.TagHelpers\Boilerplate.Web.Mvc6.TagHelpers.xproj", "{EE9EDF54-81FE-455B-BC4B-D435B08E25A8}"
EndProject
Project("{8BB2217D-0F2D-49D1-97BC-3654ED321F3B}") = "Boilerplate.Web.Mvc6.Razor", "MVC6\Boilerplate.Web.Mvc6.Razor\Boilerplate.Web.Mvc6.Razor.xproj", "{BFC4AFEE-457C-4E13-9B52-6E8AF66DA603}"
EndProject
Global
	GlobalSection(SolutionConfigurationPlatforms) = preSolution
		Debug|Any CPU = Debug|Any CPU
		Release|Any CPU = Release|Any CPU
	EndGlobalSection
	GlobalSection(ProjectConfigurationPlatforms) = postSolution
		{E107BBBD-CAB3-4B09-9A48-8437775786A8}.Debug|Any CPU.ActiveCfg = Debug|Any CPU
		{E107BBBD-CAB3-4B09-9A48-8437775786A8}.Release|Any CPU.ActiveCfg = Release|Any CPU
		{E6EEA438-E2EE-481A-BB85-3793C74483C5}.Debug|Any CPU.ActiveCfg = Debug|Any CPU
		{E6EEA438-E2EE-481A-BB85-3793C74483C5}.Debug|Any CPU.Build.0 = Debug|Any CPU
		{E6EEA438-E2EE-481A-BB85-3793C74483C5}.Release|Any CPU.ActiveCfg = Release|Any CPU
		{E6EEA438-E2EE-481A-BB85-3793C74483C5}.Release|Any CPU.Build.0 = Release|Any CPU
		{5FABCDB1-1B4B-4053-9B7E-0C41201C211A}.Debug|Any CPU.ActiveCfg = Debug|Any CPU
		{5FABCDB1-1B4B-4053-9B7E-0C41201C211A}.Debug|Any CPU.Build.0 = Debug|Any CPU
		{5FABCDB1-1B4B-4053-9B7E-0C41201C211A}.Release|Any CPU.ActiveCfg = Release|Any CPU
		{5FABCDB1-1B4B-4053-9B7E-0C41201C211A}.Release|Any CPU.Build.0 = Release|Any CPU
		{6E0EF33D-3C19-4EA2-8CA9-C7BF19BDD947}.Debug|Any CPU.ActiveCfg = Debug|Any CPU
		{6E0EF33D-3C19-4EA2-8CA9-C7BF19BDD947}.Release|Any CPU.ActiveCfg = Release|Any CPU
		{FFF80C4B-A5F0-410C-8F16-CBBE21F14DD5}.Debug|Any CPU.ActiveCfg = Debug|Any CPU
		{FFF80C4B-A5F0-410C-8F16-CBBE21F14DD5}.Debug|Any CPU.Build.0 = Debug|Any CPU
		{FFF80C4B-A5F0-410C-8F16-CBBE21F14DD5}.Release|Any CPU.ActiveCfg = Release|Any CPU
		{FFF80C4B-A5F0-410C-8F16-CBBE21F14DD5}.Release|Any CPU.Build.0 = Release|Any CPU
		{9CEA6CB2-DDCF-4AB3-8B22-0383B3F529EF}.Debug|Any CPU.ActiveCfg = Debug|Any CPU
		{9CEA6CB2-DDCF-4AB3-8B22-0383B3F529EF}.Debug|Any CPU.Build.0 = Debug|Any CPU
		{9CEA6CB2-DDCF-4AB3-8B22-0383B3F529EF}.Release|Any CPU.ActiveCfg = Release|Any CPU
		{9CEA6CB2-DDCF-4AB3-8B22-0383B3F529EF}.Release|Any CPU.Build.0 = Release|Any CPU
		{E0B062AF-E0B4-4F72-A284-22468F9C2A4A}.Debug|Any CPU.ActiveCfg = Debug|Any CPU
		{E0B062AF-E0B4-4F72-A284-22468F9C2A4A}.Debug|Any CPU.Build.0 = Debug|Any CPU
		{E0B062AF-E0B4-4F72-A284-22468F9C2A4A}.Release|Any CPU.ActiveCfg = Release|Any CPU
		{E0B062AF-E0B4-4F72-A284-22468F9C2A4A}.Release|Any CPU.Build.0 = Release|Any CPU
		{0F569D70-7766-40DF-9061-87438C8BB2FA}.Debug|Any CPU.ActiveCfg = Debug|Any CPU
		{0F569D70-7766-40DF-9061-87438C8BB2FA}.Debug|Any CPU.Build.0 = Debug|Any CPU
		{0F569D70-7766-40DF-9061-87438C8BB2FA}.Release|Any CPU.ActiveCfg = Release|Any CPU
		{0F569D70-7766-40DF-9061-87438C8BB2FA}.Release|Any CPU.Build.0 = Release|Any CPU
		{EE9EDF54-81FE-455B-BC4B-D435B08E25A8}.Debug|Any CPU.ActiveCfg = Debug|Any CPU
		{EE9EDF54-81FE-455B-BC4B-D435B08E25A8}.Debug|Any CPU.Build.0 = Debug|Any CPU
		{EE9EDF54-81FE-455B-BC4B-D435B08E25A8}.Release|Any CPU.ActiveCfg = Release|Any CPU
		{EE9EDF54-81FE-455B-BC4B-D435B08E25A8}.Release|Any CPU.Build.0 = Release|Any CPU
		{BFC4AFEE-457C-4E13-9B52-6E8AF66DA603}.Debug|Any CPU.ActiveCfg = Debug|Any CPU
		{BFC4AFEE-457C-4E13-9B52-6E8AF66DA603}.Debug|Any CPU.Build.0 = Debug|Any CPU
		{BFC4AFEE-457C-4E13-9B52-6E8AF66DA603}.Release|Any CPU.ActiveCfg = Release|Any CPU
		{BFC4AFEE-457C-4E13-9B52-6E8AF66DA603}.Release|Any CPU.Build.0 = Release|Any CPU
	EndGlobalSection
	GlobalSection(SolutionProperties) = preSolution
		HideSolutionNode = FALSE
	EndGlobalSection
	GlobalSection(NestedProjects) = preSolution
		{E107BBBD-CAB3-4B09-9A48-8437775786A8} = {C21DC15C-CF5E-4D6E-9585-4C7C446AD18F}
		{5FABCDB1-1B4B-4053-9B7E-0C41201C211A} = {C21DC15C-CF5E-4D6E-9585-4C7C446AD18F}
		{6E0EF33D-3C19-4EA2-8CA9-C7BF19BDD947} = {E97C7A33-28AC-4AD6-8DC7-46886058969F}
		{FFF80C4B-A5F0-410C-8F16-CBBE21F14DD5} = {E97C7A33-28AC-4AD6-8DC7-46886058969F}
		{0F569D70-7766-40DF-9061-87438C8BB2FA} = {E97C7A33-28AC-4AD6-8DC7-46886058969F}
		{EE9EDF54-81FE-455B-BC4B-D435B08E25A8} = {E97C7A33-28AC-4AD6-8DC7-46886058969F}
		{BFC4AFEE-457C-4E13-9B52-6E8AF66DA603} = {E97C7A33-28AC-4AD6-8DC7-46886058969F}
	EndGlobalSection
EndGlobal
